
Microsoft Visual Studio Solution File, Format Version 12.00
# Visual Studio Version 16
VisualStudioVersion = 16.0.30011.22
MinimumVisualStudioVersion = 10.0.40219.1
Project("{FAE04EC0-301F-11D3-BF4B-00C04F79EFBC}") = "Explorer.Android", "Explorer\Explorer.Android\Explorer.Android.csproj", "{21EF7D99-893B-4923-AD21-3A2D5453A7B9}"
EndProject
Project("{FAE04EC0-301F-11D3-BF4B-00C04F79EFBC}") = "Explorer", "Explorer\Explorer\Explorer.csproj", "{ED5083E4-D169-4B0C-B09E-4EFD58CE9BCC}"
EndProject
Global
	GlobalSection(SolutionConfigurationPlatforms) = preSolution
		Debug|Any CPU = Debug|Any CPU
		Release|Any CPU = Release|Any CPU
	EndGlobalSection
	GlobalSection(ProjectConfigurationPlatforms) = postSolution
		{21EF7D99-893B-4923-AD21-3A2D5453A7B9}.Debug|Any CPU.ActiveCfg = Debug|Any CPU
		{21EF7D99-893B-4923-AD21-3A2D5453A7B9}.Debug|Any CPU.Build.0 = Debug|Any CPU
		{21EF7D99-893B-4923-AD21-3A2D5453A7B9}.Debug|Any CPU.Deploy.0 = Debug|Any CPU
		{21EF7D99-893B-4923-AD21-3A2D5453A7B9}.Release|Any CPU.ActiveCfg = Release|Any CPU
		{21EF7D99-893B-4923-AD21-3A2D5453A7B9}.Release|Any CPU.Build.0 = Release|Any CPU
		{21EF7D99-893B-4923-AD21-3A2D5453A7B9}.Release|Any CPU.Deploy.0 = Release|Any CPU
		{ED5083E4-D169-4B0C-B09E-4EFD58CE9BCC}.Debug|Any CPU.ActiveCfg = Debug|Any CPU
		{ED5083E4-D169-4B0C-B09E-4EFD58CE9BCC}.Debug|Any CPU.Build.0 = Debug|Any CPU
		{ED5083E4-D169-4B0C-B09E-4EFD58CE9BCC}.Debug|Any CPU.Deploy.0 = Debug|Any CPU
		{ED5083E4-D169-4B0C-B09E-4EFD58CE9BCC}.Release|Any CPU.ActiveCfg = Release|Any CPU
		{ED5083E4-D169-4B0C-B09E-4EFD58CE9BCC}.Release|Any CPU.Build.0 = Release|Any CPU
		{ED5083E4-D169-4B0C-B09E-4EFD58CE9BCC}.Release|Any CPU.Deploy.0 = Release|Any CPU
	EndGlobalSection
	GlobalSection(SolutionProperties) = preSolution
		HideSolutionNode = FALSE
	EndGlobalSection
	GlobalSection(ExtensibilityGlobals) = postSolution
		SolutionGuid = {69F5C05E-F515-4364-B29B-F2F96C9AAF81}
	EndGlobalSection
EndGlobal
